
Microsoft Visual Studio Solution File, Format Version 12.00
# Visual Studio Version 17
VisualStudioVersion = 17.0.31903.59
MinimumVisualStudioVersion = 10.0.40219.1
Project("{2150E333-8FDC-42A3-9474-1A3956D46DE8}") = "Solution Items", "Solution Items", "{8EC462FD-D22E-90A8-E5CE-7E832BA40C5D}"
	ProjectSection(SolutionItems) = preProject
		.editorconfig = .editorconfig
	EndProjectSection
EndProject
Project("{2150E333-8FDC-42A3-9474-1A3956D46DE8}") = "src", "src", "{827E0CD3-B72D-47B6-A68D-7590B98EB39B}"
EndProject
Project("{FAE04EC0-301F-11D3-BF4B-00C04F79EFBC}") = "CAFConsole", "src\CAFConsole\CAFConsole.csproj", "{A94D195E-48BF-48FF-93B2-D552C966323D}"
EndProject
Project("{FAE04EC0-301F-11D3-BF4B-00C04F79EFBC}") = "CAFConsole.Lib", "src\CAFConsole.Lib\CAFConsole.Lib.csproj", "{351F6972-61B5-4676-9E74-F376ACA883C8}"
EndProject
Project("{FAE04EC0-301F-11D3-BF4B-00C04F79EFBC}") = "CAFConsole.Tests", "src\CAFConsole.Tests\CAFConsole.Tests.csproj", "{8C43405D-427E-424E-A4F5-489D19EF1F7B}"
EndProject
Global
	GlobalSection(SolutionConfigurationPlatforms) = preSolution
		Debug|x64 = Debug|x64
		Release|x64 = Release|x64
	EndGlobalSection
	GlobalSection(ProjectConfigurationPlatforms) = postSolution
		{A94D195E-48BF-48FF-93B2-D552C966323D}.Debug|x64.ActiveCfg = Debug|Any CPU
		{A94D195E-48BF-48FF-93B2-D552C966323D}.Debug|x64.Build.0 = Debug|Any CPU
		{A94D195E-48BF-48FF-93B2-D552C966323D}.Release|x64.ActiveCfg = Release|Any CPU
		{A94D195E-48BF-48FF-93B2-D552C966323D}.Release|x64.Build.0 = Release|Any CPU
		{351F6972-61B5-4676-9E74-F376ACA883C8}.Debug|x64.ActiveCfg = Debug|Any CPU
		{351F6972-61B5-4676-9E74-F376ACA883C8}.Debug|x64.Build.0 = Debug|Any CPU
		{351F6972-61B5-4676-9E74-F376ACA883C8}.Release|x64.ActiveCfg = Release|Any CPU
		{351F6972-61B5-4676-9E74-F376ACA883C8}.Release|x64.Build.0 = Release|Any CPU
		{8C43405D-427E-424E-A4F5-489D19EF1F7B}.Debug|x64.ActiveCfg = Debug|Any CPU
		{8C43405D-427E-424E-A4F5-489D19EF1F7B}.Debug|x64.Build.0 = Debug|Any CPU
		{8C43405D-427E-424E-A4F5-489D19EF1F7B}.Release|x64.ActiveCfg = Release|Any CPU
		{8C43405D-427E-424E-A4F5-489D19EF1F7B}.Release|x64.Build.0 = Release|Any CPU
	EndGlobalSection
	GlobalSection(SolutionProperties) = preSolution
		HideSolutionNode = FALSE
	EndGlobalSection
	GlobalSection(NestedProjects) = preSolution
		{A94D195E-48BF-48FF-93B2-D552C966323D} = {827E0CD3-B72D-47B6-A68D-7590B98EB39B}
		{351F6972-61B5-4676-9E74-F376ACA883C8} = {827E0CD3-B72D-47B6-A68D-7590B98EB39B}
		{8C43405D-427E-424E-A4F5-489D19EF1F7B} = {827E0CD3-B72D-47B6-A68D-7590B98EB39B}
	EndGlobalSection
	GlobalSection(ExtensibilityGlobals) = postSolution
		SolutionGuid = {2E5F3740-EA7B-4790-9F54-266DECAB31E9}
	EndGlobalSection
EndGlobal
